schema: '2.0'
stages:
  discover:
    cmd: uv run python scripts/catalog_istex.py --api && uv run python 
      scripts/catalog_openalex.py --resume && uv run python 
      scripts/catalog_semanticscholar.py --resume && uv run python 
      scripts/catalog_grey.py && uv run python scripts/build_teaching_canon.py 
      && uv run python scripts/catalog_merge.py
    deps:
    - path: config/grey_sources.yaml
      hash: md5
      md5: 393a35715ea920e54fd25500987a9642
      size: 3086
    - path: config/openalex_queries.yaml
      hash: md5
      md5: cdefd461c2a2997fe78778152d0bb881
      size: 4304
    - path: config/teaching_sources.yaml
      hash: md5
      md5: a7ae55e3cf67e25eb2c86784fb31745a
      size: 23943
    - path: data/catalogs/bibcnrs_works.csv
      hash: md5
      md5: aad79a049076761e7943646c5e732feb
      size: 53677
    - path: data/catalogs/scispace_works.csv
      hash: md5
      md5: 21be3cfd3e0947eb03385134f1826e14
      size: 1060524
    - path: scripts/build_teaching_canon.py
      hash: md5
      md5: bc70a02b282dcee5acf0e9b02cad0f97
      size: 3516
    - path: scripts/catalog_grey.py
      hash: md5
      md5: f424528ace5727d862260966ae76ca44
      size: 5940
    - path: scripts/catalog_istex.py
      hash: md5
      md5: fa970dc29fca83ba5228ea098d3dcc84
      size: 7722
    - path: scripts/catalog_merge.py
      hash: md5
      md5: be98e426bd1210a5a0993830c415766e
      size: 5172
    - path: scripts/catalog_openalex.py
      hash: md5
      md5: 0db4c05f9a9d88a58dccdbc017307fb2
      size: 12521
    - path: scripts/catalog_semanticscholar.py
      hash: md5
      md5: c6e51b548744839b8f9673baa77a605b
      size: 10024
    - path: scripts/utils.py
      hash: md5
      md5: 44f58019945703d49871b73cd96b0c6d
      size: 20438
    outs:
    - path: data/catalogs/grey_works.csv
      hash: md5
      md5: 65225fd373f92d9b9366fefc89c4a998
      size: 425736
    - path: data/catalogs/istex_refs.csv
      hash: md5
      md5: 192b0a20602d05038c97707501911453
      size: 16203896
    - path: data/catalogs/istex_works.csv
      hash: md5
      md5: 5ef315ccb2f5e433683421c95f0ba3df
      size: 1659302
    - path: data/catalogs/openalex_citations.csv
      hash: md5
      md5: 0628392a2758e19bcf4d453ceae177b2
      size: 43665648
    - path: data/catalogs/openalex_works.csv
      hash: md5
      md5: 29e9c92eeb0bde415eef8500e871ac36
      size: 64321586
    - path: data/catalogs/teaching_works.csv
      hash: md5
      md5: 693f649c75438935123dd2b80e9114e2
      size: 4699
    - path: data/catalogs/unified_works.csv
      hash: md5
      md5: 7cd913d64c6ba787d35db5bb61a3c237
      size: 69123988
  enrich:
    cmd: "uv run python scripts/qa_detect_type.py --apply && uv run python scripts/enrich_dois.py\n\
      \  --works-input data/catalogs/unified_works.csv\n  --works-output data/catalogs/enriched_works.csv
      &&\nuv run python scripts/enrich_abstracts.py\n  --works-input data/catalogs/enriched_works.csv
      &&\nuv run python scripts/enrich_citations_batch.py\n  --works-input data/catalogs/enriched_works.csv
      &&\nuv run python scripts/enrich_citations_openalex.py\n  --works-input data/catalogs/enriched_works.csv
      &&\nuv run python scripts/qc_citations.py\n  --works-input data/catalogs/enriched_works.csv
      &&\nuv run python scripts/analyze_embeddings.py\n  --works-input data/catalogs/enriched_works.csv"
    deps:
    - path: data/catalogs/unified_works.csv
      hash: md5
      md5: 7cd913d64c6ba787d35db5bb61a3c237
      size: 69123988
    - path: scripts/analyze_embeddings.py
      hash: md5
      md5: a6a7be768967dc1cf3fb1c1fad918e2b
      size: 14761
    - path: scripts/enrich_abstracts.py
      hash: md5
      md5: 5bd42aea79ad24539df16c8c13b537cf
      size: 19031
    - path: scripts/enrich_citations_batch.py
      hash: md5
      md5: 362410159d6740a478d75e3d1a65bc72
      size: 12867
    - path: scripts/enrich_citations_openalex.py
      hash: md5
      md5: bd424f2b1d62bf02988abab2f9011280
      size: 18937
    - path: scripts/enrich_dois.py
      hash: md5
      md5: eba13dc70aeb428a8391f06014f9b58f
      size: 6942
    - path: scripts/qa_detect_type.py
      hash: md5
      md5: 18730bb9cc84d2b91c1e20ee2f796be9
      size: 8135
    - path: scripts/qc_citations.py
      hash: md5
      md5: d02b079bb6f9129f4d91b1a39310327e
      size: 10187
    - path: scripts/utils.py
      hash: md5
      md5: 44f58019945703d49871b73cd96b0c6d
      size: 20438
    outs:
    - path: data/catalogs/citations.csv
      hash: md5
      md5: b575a855a9e3d5c2829f893170861448
      size: 300524838
    - path: data/catalogs/embeddings.npz
      hash: md5
      md5: b5e6a31c36c1cafd74711ac04b5f7bb5
      size: 48790249
    - path: data/catalogs/enriched_works.csv
      hash: md5
      md5: 3a40f5cb52b62caacbc6d34859b24d98
      size: 68988609
  extend:
    cmd: uv run python scripts/corpus_filter.py --extend --works-input 
      data/catalogs/enriched_works.csv --works-output 
      data/catalogs/extended_works.csv
    deps:
    - path: config/corpus_filter.yaml
      hash: md5
      md5: 27263459d8b17d98a634137ad3a69541
      size: 3822
    - path: data/catalogs/enriched_works.csv
      hash: md5
      md5: 49a615acb6f633e349e2c9fc7a844b5c
      size: 81172742
    - path: scripts/corpus_filter.py
      hash: md5
      md5: e382107f16a7529816d058a4c68ed51d
      size: 26965
    - path: scripts/filter_flags.py
      hash: md5
      md5: d74cf1645e2bf1b5813498584f3aaea2
      size: 10031
    - path: scripts/filter_flags_llm.py
      hash: md5
      md5: 41af57f28f25c8c477540ee5116f1513
      size: 17809
    - path: scripts/pipeline_io.py
      hash: md5
      md5: bdad5b875f2eb4ee72294a84687aa224
      size: 17447
    - path: scripts/pipeline_loaders.py
      hash: md5
      md5: b527ae1b0ed524615b215f7b26035329
      size: 14120
    - path: scripts/pipeline_progress.py
      hash: md5
      md5: ce94115f5dc078e0d6cc3905ab8a81b2
      size: 10313
    - path: scripts/pipeline_text.py
      hash: md5
      md5: aa37b4857bc11535a71e3e664bc56dc0
      size: 10480
    - path: scripts/utils.py
      hash: md5
      md5: c505a0618fa3cefdd91d65ea311a6a09
      size: 5265
    outs:
    - path: data/catalogs/extended_works.csv
      hash: md5
      md5: a4b2931ca814a7d0424d110065d4ac10
      size: 83974137
  filter:
    cmd: uv run python scripts/corpus_filter.py --filter --works-input 
      data/catalogs/extended_works.csv --works-output 
      data/catalogs/refined_works.csv
    deps:
    - path: config/corpus_filter.yaml
      hash: md5
      md5: 27263459d8b17d98a634137ad3a69541
      size: 3822
    - path: config/v1_identifiers.txt.gz
      hash: md5
      md5: dbe033ea6935eec5d4f379fb3484a2eb
      size: 186713
    - path: data/catalogs/extended_works.csv
      hash: md5
      md5: a4b2931ca814a7d0424d110065d4ac10
      size: 83974137
    - path: scripts/corpus_filter.py
      hash: md5
      md5: e382107f16a7529816d058a4c68ed51d
      size: 26965
    - path: scripts/filter_flags.py
      hash: md5
      md5: d74cf1645e2bf1b5813498584f3aaea2
      size: 10031
    - path: scripts/filter_flags_llm.py
      hash: md5
      md5: 41af57f28f25c8c477540ee5116f1513
      size: 17809
    - path: scripts/pipeline_io.py
      hash: md5
      md5: bdad5b875f2eb4ee72294a84687aa224
      size: 17447
    - path: scripts/pipeline_loaders.py
      hash: md5
      md5: b527ae1b0ed524615b215f7b26035329
      size: 14120
    - path: scripts/pipeline_progress.py
      hash: md5
      md5: ce94115f5dc078e0d6cc3905ab8a81b2
      size: 10313
    - path: scripts/pipeline_text.py
      hash: md5
      md5: aa37b4857bc11535a71e3e664bc56dc0
      size: 10480
    - path: scripts/utils.py
      hash: md5
      md5: c505a0618fa3cefdd91d65ea311a6a09
      size: 5265
    outs:
    - path: data/catalogs/corpus_audit.csv
      hash: md5
      md5: 401cbeecaa946832d031a6a64c761a71
      size: 6337748
    - path: data/catalogs/refined_works.csv
      hash: md5
      md5: 44d42abd4a03aba615517a8328d81f96
      size: 60918581
  align:
    cmd: uv run --env-file .env python scripts/harvest/corpus_align.py
    deps:
    - path: data/catalogs/citations.csv
      hash: md5
      md5: b05252b7732f2e5f30b752ba2cd31171
      size: 404717733
    - path: data/catalogs/embeddings.npz
      hash: md5
      md5: caf5ad34d61acf5365c8368e3d62ed32
      size: 93116189
    - path: data/catalogs/refined_works.csv
      hash: md5
      md5: 44d42abd4a03aba615517a8328d81f96
      size: 60918581
    - path: scripts/harvest/corpus_align.py
      hash: md5
      md5: 05f2e24e9f8f7d6099a6a7451bb64f11
      size: 9613
    - path: scripts/pipeline_io.py
      hash: md5
      md5: 1fc4027a375337e94172349200eed9fa
      size: 14432
    - path: scripts/pipeline_loaders.py
      hash: md5
      md5: a892abcf0b0205d7ca79575a54fced31
      size: 15674
    - path: scripts/pipeline_progress.py
      hash: md5
      md5: 0279195c59e9de819e8b519490b26091
      size: 10311
    - path: scripts/pipeline_text.py
      hash: md5
      md5: 552d8ace09782706854d9db5f86b62fc
      size: 9941
    - path: scripts/utils.py
      hash: md5
      md5: 244f7b96ab8207c15a695f83da16a3a0
      size: 6006
    outs:
    - path: data/catalogs/refined_citations.csv
      hash: md5
      md5: 7e321488c0efa128d122b7d4162756b7
      size: 339308282
    - path: data/catalogs/refined_embeddings.npz
      hash: md5
      md5: 3118c2ef5467c46ccef3a1d28d76dbe3
      size: 65946603
  catalog_bibcnrs:
    cmd: uv run python scripts/catalog_bibcnrs.py
    deps:
    - path: data/exports
      hash: md5
      md5: e4ee27a6fea54a81bf590ee04a1c12ae.dir
      size: 154608
      nfiles: 5
    - path: scripts/catalog_bibcnrs.py
      hash: md5
      md5: 36c6c236b59dbddfb097f6dd8293c09d
      size: 6269
    - path: scripts/pipeline_io.py
      hash: md5
      md5: bdad5b875f2eb4ee72294a84687aa224
      size: 17447
    - path: scripts/pipeline_loaders.py
      hash: md5
      md5: b527ae1b0ed524615b215f7b26035329
      size: 14120
    - path: scripts/pipeline_progress.py
      hash: md5
      md5: ce94115f5dc078e0d6cc3905ab8a81b2
      size: 10313
    - path: scripts/pipeline_text.py
      hash: md5
      md5: aa37b4857bc11535a71e3e664bc56dc0
      size: 10480
    - path: scripts/utils.py
      hash: md5
      md5: c505a0618fa3cefdd91d65ea311a6a09
      size: 5265
    outs:
    - path: data/catalogs/bibcnrs_works.csv
      hash: md5
      md5: 6554776833bfd8ca589a0e71ec6cffd5
      size: 53677
  catalog_teaching:
    cmd: uv run python scripts/build_teaching_yaml.py && uv run python 
      scripts/build_teaching_canon.py
    deps:
    - path: data/syllabi
      hash: md5
      md5: 6343e4480efd65a379680febee2de81d.dir
      size: 280175599
      nfiles: 154
    - path: scripts/build_teaching_canon.py
      hash: md5
      md5: 7ec5df7805b276c5628101653c376d42
      size: 3663
    - path: scripts/build_teaching_yaml.py
      hash: md5
      md5: d65a51326106bc88c26ef0865c6c8159
      size: 16292
    - path: scripts/pipeline_io.py
      hash: md5
      md5: bdad5b875f2eb4ee72294a84687aa224
      size: 17447
    - path: scripts/pipeline_loaders.py
      hash: md5
      md5: b527ae1b0ed524615b215f7b26035329
      size: 14120
    - path: scripts/pipeline_progress.py
      hash: md5
      md5: ce94115f5dc078e0d6cc3905ab8a81b2
      size: 10313
    - path: scripts/pipeline_text.py
      hash: md5
      md5: aa37b4857bc11535a71e3e664bc56dc0
      size: 10480
    - path: scripts/utils.py
      hash: md5
      md5: c505a0618fa3cefdd91d65ea311a6a09
      size: 5265
    outs:
    - path: data/catalogs/teaching_works.csv
      hash: md5
      md5: e3adf504c47e9fe10fd601c6328efe64
      size: 68391
  catalog_istex:
    cmd: uv run python scripts/catalog_istex.py --api
    deps:
    - path: config/corpus_collect.yaml
      hash: md5
      md5: f9a1ff8c31bff827dcbf3a4b7471c2db
      size: 848
    - path: data/pool/istex
      hash: md5
      md5: 187b0455ab6ca7b96836f4b76f47154b.dir
      size: 3452325
      nfiles: 1
    - path: scripts/catalog_istex.py
      hash: md5
      md5: b85c2fab44cd62ea7976a4b6a6ce54ec
      size: 9024
    - path: scripts/pipeline_io.py
      hash: md5
      md5: bdad5b875f2eb4ee72294a84687aa224
      size: 17447
    - path: scripts/pipeline_loaders.py
      hash: md5
      md5: b527ae1b0ed524615b215f7b26035329
      size: 14120
    - path: scripts/pipeline_progress.py
      hash: md5
      md5: ce94115f5dc078e0d6cc3905ab8a81b2
      size: 10313
    - path: scripts/pipeline_text.py
      hash: md5
      md5: aa37b4857bc11535a71e3e664bc56dc0
      size: 10480
    - path: scripts/utils.py
      hash: md5
      md5: c505a0618fa3cefdd91d65ea311a6a09
      size: 5265
    outs:
    - path: data/catalogs/istex_refs.csv
      hash: md5
      md5: 192b0a20602d05038c97707501911453
      size: 16203896
    - path: data/catalogs/istex_works.csv
      hash: md5
      md5: 5ef315ccb2f5e433683421c95f0ba3df
      size: 1659302
  catalog_openalex:
    cmd: uv run python scripts/catalog_openalex.py --resume
    deps:
    - path: config/corpus_collect.yaml
      hash: md5
      md5: f9a1ff8c31bff827dcbf3a4b7471c2db
      size: 848
    - path: config/openalex_queries.yaml
      hash: md5
      md5: e10d7ead0b59c6992c63030f99f05d59
      size: 4692
    - path: data/pool/openalex
      hash: md5
      md5: 3c7ea1a768f4d69ce163d658a2fd68a1.dir
      size: 83014170
      nfiles: 49
    - path: scripts/catalog_openalex.py
      hash: md5
      md5: 39f715059c06e91b53abbac0d6492326
      size: 12310
    - path: scripts/pipeline_io.py
      hash: md5
      md5: bdad5b875f2eb4ee72294a84687aa224
      size: 17447
    - path: scripts/pipeline_loaders.py
      hash: md5
      md5: b527ae1b0ed524615b215f7b26035329
      size: 14120
    - path: scripts/pipeline_progress.py
      hash: md5
      md5: ce94115f5dc078e0d6cc3905ab8a81b2
      size: 10313
    - path: scripts/pipeline_text.py
      hash: md5
      md5: aa37b4857bc11535a71e3e664bc56dc0
      size: 10480
    - path: scripts/utils.py
      hash: md5
      md5: c505a0618fa3cefdd91d65ea311a6a09
      size: 5265
    outs:
    - path: data/catalogs/openalex_citations.csv
      hash: md5
      md5: deaf45c830fbb4bfe65292663b378b8b
      size: 51497696
    - path: data/catalogs/openalex_works.csv
      hash: md5
      md5: 0fa29aa8aae593ab0d797a363afef0fb
      size: 78397849
  catalog_grey:
    cmd: uv run python scripts/catalog_grey.py
    deps:
    - path: config/corpus_collect.yaml
      hash: md5
      md5: f9a1ff8c31bff827dcbf3a4b7471c2db
      size: 848
    - path: config/grey_sources.yaml
      hash: md5
      md5: 393a35715ea920e54fd25500987a9642
      size: 3086
    - path: scripts/catalog_grey.py
      hash: md5
      md5: 238eeed4c4b12aeb77b7cdb678b05be8
      size: 9626
    - path: scripts/pipeline_io.py
      hash: md5
      md5: bdad5b875f2eb4ee72294a84687aa224
      size: 17447
    - path: scripts/pipeline_loaders.py
      hash: md5
      md5: b527ae1b0ed524615b215f7b26035329
      size: 14120
    - path: scripts/pipeline_progress.py
      hash: md5
      md5: ce94115f5dc078e0d6cc3905ab8a81b2
      size: 10313
    - path: scripts/pipeline_text.py
      hash: md5
      md5: aa37b4857bc11535a71e3e664bc56dc0
      size: 10480
    - path: scripts/utils.py
      hash: md5
      md5: c505a0618fa3cefdd91d65ea311a6a09
      size: 5265
    outs:
    - path: data/catalogs/grey_works.csv
      hash: md5
      md5: 4efa97f03b411a1b88d72a292b21e180
      size: 815533
  catalog_merge:
    cmd: uv run python scripts/catalog_merge.py
    deps:
    - path: data/catalogs/bibcnrs_works.csv
      hash: md5
      md5: 6554776833bfd8ca589a0e71ec6cffd5
      size: 53677
    - path: data/catalogs/grey_works.csv
      hash: md5
      md5: 4efa97f03b411a1b88d72a292b21e180
      size: 815533
    - path: data/catalogs/istex_works.csv
      hash: md5
      md5: 5ef315ccb2f5e433683421c95f0ba3df
      size: 1659302
    - path: data/catalogs/openalex_works.csv
      hash: md5
      md5: 0fa29aa8aae593ab0d797a363afef0fb
      size: 78397849
    - path: data/catalogs/scispace_works.csv
      hash: md5
      md5: 21be3cfd3e0947eb03385134f1826e14
      size: 1060524
    - path: data/catalogs/teaching_works.csv
      hash: md5
      md5: e3adf504c47e9fe10fd601c6328efe64
      size: 68391
    - path: scripts/catalog_merge.py
      hash: md5
      md5: 48f6fc36e4de11d4b62d42e0a5eeec52
      size: 8110
    - path: scripts/pipeline_io.py
      hash: md5
      md5: bdad5b875f2eb4ee72294a84687aa224
      size: 17447
    - path: scripts/pipeline_loaders.py
      hash: md5
      md5: b527ae1b0ed524615b215f7b26035329
      size: 14120
    - path: scripts/pipeline_progress.py
      hash: md5
      md5: ce94115f5dc078e0d6cc3905ab8a81b2
      size: 10313
    - path: scripts/pipeline_text.py
      hash: md5
      md5: aa37b4857bc11535a71e3e664bc56dc0
      size: 10480
    - path: scripts/utils.py
      hash: md5
      md5: c505a0618fa3cefdd91d65ea311a6a09
      size: 5265
    outs:
    - path: data/catalogs/unified_works.csv
      hash: md5
      md5: 4b3c9c4bf0a54be5988017921350980f
      size: 81002789
  enrich_works:
    cmd: uv run python scripts/enrich_dois.py --works-input 
      data/catalogs/unified_works.csv --works-output 
      data/catalogs/enriched_works.csv && uv run python 
      scripts/enrich_abstracts.py --works-input data/catalogs/enriched_works.csv
      && uv run python scripts/enrich_language.py --works-input 
      data/catalogs/enriched_works.csv && uv run python 
      scripts/summarize_abstracts.py --works-input 
      data/catalogs/enriched_works.csv
    deps:
    - path: data/catalogs/unified_works.csv
      hash: md5
      md5: 7ceeed51d214a0962f64750c0c33265c
      size: 81200889
    - path: scripts/enrich_abstracts.py
      hash: md5
      md5: 6030389090ae3c01b20c8783da952b77
      size: 20916
    - path: scripts/enrich_dois.py
      hash: md5
      md5: 9817a911bd77b7c6771cd3f6c0a00cbe
      size: 10475
    - path: scripts/enrich_language.py
      hash: md5
      md5: 5d63983b72e701f5a32a0b74ce902822
      size: 13249
    - path: scripts/pipeline_io.py
      hash: md5
      md5: 84b01ca9f4c570ae0aca643426076e86
      size: 15806
    - path: scripts/pipeline_loaders.py
      hash: md5
      md5: c509efa7425e8ff4b2a71e2360f98b91
      size: 13386
    - path: scripts/pipeline_progress.py
      hash: md5
      md5: 61935c8f5f520a000db7cf18156f3087
      size: 9912
    - path: scripts/pipeline_text.py
      hash: md5
      md5: ff0e26cf61bd259855756b9d5fa3a3d9
      size: 8254
    - path: scripts/summarize_abstracts.py
      hash: md5
      md5: 7906d76981f5b114161151d796c74546
      size: 9450
    - path: scripts/utils.py
      hash: md5
      md5: b592c156a27cdf6883a4ef76b4bfe9f8
      size: 5326
    outs:
    - path: data/catalogs/enriched_works.csv
      hash: md5
      md5: cd5e32d04e5334e82953041293bbc930
      size: 81172660
  enrich_citations:
    cmd: uv run python scripts/enrich_citations_batch.py --works-input 
      data/catalogs/enriched_works.csv & p1=$!; uv run python 
      scripts/enrich_citations_openalex.py --works-input 
      data/catalogs/enriched_works.csv & p2=$!; wait $p1 && wait $p2 && uv run 
      python scripts/corpus_parse_citations_grobid.py
    deps:
    - path: data/catalogs/enriched_works.csv
      hash: md5
      md5: 49a615acb6f633e349e2c9fc7a844b5c
      size: 81172742
    - path: scripts/corpus_parse_citations_grobid.py
      hash: md5
      md5: 6495d8bf41935ff2c8427ad31b507847
      size: 10281
    - path: scripts/enrich_citations_batch.py
      hash: md5
      md5: be91e8bfd5e60a0f22e36a0231e32412
      size: 10387
    - path: scripts/enrich_citations_openalex.py
      hash: md5
      md5: 5aba8315a9b470b2b3665ea4d6b5b58d
      size: 16982
    - path: scripts/pipeline_io.py
      hash: md5
      md5: bdad5b875f2eb4ee72294a84687aa224
      size: 17447
    - path: scripts/pipeline_loaders.py
      hash: md5
      md5: b527ae1b0ed524615b215f7b26035329
      size: 14120
    - path: scripts/pipeline_progress.py
      hash: md5
      md5: ce94115f5dc078e0d6cc3905ab8a81b2
      size: 10313
    - path: scripts/pipeline_text.py
      hash: md5
      md5: aa37b4857bc11535a71e3e664bc56dc0
      size: 10480
    - path: scripts/utils.py
      hash: md5
      md5: c505a0618fa3cefdd91d65ea311a6a09
      size: 5265
  qc_citations:
    cmd: uv run python scripts/qc_citations.py --works-input 
      data/catalogs/enriched_works.csv
    deps:
    - path: data/catalogs/citations.csv
      hash: md5
      md5: 76fc749c6d68943ed0ff472c10b94c13
      size: 297736901
    - path: data/catalogs/enriched_works.csv
      hash: md5
      md5: 3d5dce71cedc43122f3da47e4783330b
      size: 80494601
    - path: scripts/qc_citations.py
      hash: md5
      md5: 4e9e00fc222aa0f3bc3e6e58891c5a5f
      size: 10036
    - path: scripts/utils.py
      hash: md5
      md5: 2b21de642c558116e90c1fdc19bb205a
      size: 25696
  enrich_embeddings:
    cmd: uv run python scripts/enrich_embeddings.py --works-input 
      data/catalogs/enriched_works.csv --output data/catalogs/embeddings.npz
    deps:
    - path: data/catalogs/enriched_works.csv
      hash: md5
      md5: 49a615acb6f633e349e2c9fc7a844b5c
      size: 81172742
    - path: scripts/enrich_embeddings.py
      hash: md5
      md5: 10f9dc4a719ba59048f0cbaab592d8e4
      size: 9693
    - path: scripts/pipeline_io.py
      hash: md5
      md5: bdad5b875f2eb4ee72294a84687aa224
      size: 17447
    - path: scripts/pipeline_loaders.py
      hash: md5
      md5: b527ae1b0ed524615b215f7b26035329
      size: 14120
    - path: scripts/pipeline_progress.py
      hash: md5
      md5: ce94115f5dc078e0d6cc3905ab8a81b2
      size: 10313
    - path: scripts/pipeline_text.py
      hash: md5
      md5: aa37b4857bc11535a71e3e664bc56dc0
      size: 10480
    - path: scripts/utils.py
      hash: md5
      md5: c505a0618fa3cefdd91d65ea311a6a09
      size: 5265
    outs:
    - path: data/catalogs/embeddings.npz
      hash: md5
      md5: caf5ad34d61acf5365c8368e3d62ed32
      size: 93116189
  qa_citations:
    cmd: uv run python scripts/qa_citations.py --works-input 
      data/catalogs/enriched_works.csv
    deps:
    - path: data/catalogs/citations.csv
      hash: md5
      md5: 4e7525bd3955450ad96458843c453015
      size: 393595835
    - path: data/catalogs/enriched_works.csv
      hash: md5
      md5: 49a615acb6f633e349e2c9fc7a844b5c
      size: 81172742
    - path: scripts/pipeline_io.py
      hash: md5
      md5: bdad5b875f2eb4ee72294a84687aa224
      size: 17447
    - path: scripts/pipeline_loaders.py
      hash: md5
      md5: b527ae1b0ed524615b215f7b26035329
      size: 14120
    - path: scripts/pipeline_progress.py
      hash: md5
      md5: ce94115f5dc078e0d6cc3905ab8a81b2
      size: 10313
    - path: scripts/pipeline_text.py
      hash: md5
      md5: aa37b4857bc11535a71e3e664bc56dc0
      size: 10480
    - path: scripts/qa_citations.py
      hash: md5
      md5: 0ee2e249b2da48ed37697ae913d79992
      size: 11979
    - path: scripts/utils.py
      hash: md5
      md5: c505a0618fa3cefdd91d65ea311a6a09
      size: 5265
  enrich_language:
    cmd: uv run python scripts/enrich_language.py --works-input 
      data/catalogs/unified_works.csv --output 
      data/catalogs/enrich_cache/.language.stamp
    deps:
    - path: data/catalogs/unified_works.csv
      hash: md5
      md5: 4b3c9c4bf0a54be5988017921350980f
      size: 81002789
    - path: scripts/enrich_language.py
      hash: md5
      md5: 23ed6d36d7fd76b54e1485861dbf04c7
      size: 14866
    - path: scripts/pipeline_io.py
      hash: md5
      md5: bdad5b875f2eb4ee72294a84687aa224
      size: 17447
    - path: scripts/pipeline_text.py
      hash: md5
      md5: aa37b4857bc11535a71e3e664bc56dc0
      size: 10480
    - path: scripts/utils.py
      hash: md5
      md5: c505a0618fa3cefdd91d65ea311a6a09
      size: 5265
    outs:
    - path: data/catalogs/enrich_cache/.language.stamp
      hash: md5
      md5: 0ff00da3fdf7702b543dfffdfa757ced
      size: 25
  enrich_dois:
    cmd: uv run python scripts/enrich_dois.py --works-input 
      data/catalogs/unified_works.csv --output 
      data/catalogs/enrich_cache/.dois.stamp
    deps:
    - path: data/catalogs/unified_works.csv
      hash: md5
      md5: 4b3c9c4bf0a54be5988017921350980f
      size: 81002789
    - path: scripts/enrich_dois.py
      hash: md5
      md5: 128c08748c2f94a71320702a70ef6510
      size: 13263
    - path: scripts/pipeline_io.py
      hash: md5
      md5: bdad5b875f2eb4ee72294a84687aa224
      size: 17447
    - path: scripts/pipeline_text.py
      hash: md5
      md5: aa37b4857bc11535a71e3e664bc56dc0
      size: 10480
    - path: scripts/utils.py
      hash: md5
      md5: c505a0618fa3cefdd91d65ea311a6a09
      size: 5265
    outs:
    - path: data/catalogs/enrich_cache/.dois.stamp
      hash: md5
      md5: ea5c72ae18c7990181c95b3c14baeb8d
      size: 25
  enrich_abstracts:
    cmd: uv run python scripts/enrich_abstracts.py --works-input 
      data/catalogs/unified_works.csv --output 
      data/catalogs/enrich_cache/.abstracts.stamp
    deps:
    - path: data/catalogs/unified_works.csv
      hash: md5
      md5: 4b3c9c4bf0a54be5988017921350980f
      size: 81002789
    - path: scripts/enrich_abstracts.py
      hash: md5
      md5: d0ca06e31ec654129efdb65184bc0d5a
      size: 22549
    - path: scripts/pipeline_io.py
      hash: md5
      md5: bdad5b875f2eb4ee72294a84687aa224
      size: 17447
    - path: scripts/pipeline_progress.py
      hash: md5
      md5: ce94115f5dc078e0d6cc3905ab8a81b2
      size: 10313
    - path: scripts/pipeline_text.py
      hash: md5
      md5: aa37b4857bc11535a71e3e664bc56dc0
      size: 10480
    - path: scripts/utils.py
      hash: md5
      md5: c505a0618fa3cefdd91d65ea311a6a09
      size: 5265
    outs:
    - path: data/catalogs/enrich_cache/.abstracts.stamp
      hash: md5
      md5: a341efe0687beb884b6af9da00a45dfc
      size: 25
  summarize_abstracts:
    cmd: uv run python scripts/summarize_abstracts.py --works-input 
      data/catalogs/unified_works.csv && date -Iseconds > 
      data/catalogs/enrich_cache/.summaries.stamp
    deps:
    - path: data/catalogs/unified_works.csv
      hash: md5
      md5: 4b3c9c4bf0a54be5988017921350980f
      size: 81002789
    - path: scripts/pipeline_io.py
      hash: md5
      md5: bdad5b875f2eb4ee72294a84687aa224
      size: 17447
    - path: scripts/pipeline_text.py
      hash: md5
      md5: aa37b4857bc11535a71e3e664bc56dc0
      size: 10480
    - path: scripts/summarize_abstracts.py
      hash: md5
      md5: a06e32bbec6644cd6408b43b9f11d092
      size: 9441
    - path: scripts/utils.py
      hash: md5
      md5: c505a0618fa3cefdd91d65ea311a6a09
      size: 5265
    outs:
    - path: data/catalogs/enrich_cache/.summaries.stamp
      hash: md5
      md5: c0f8f591dc9e8b9faa6c39d67aa47d4c
      size: 26
  join_enrichments:
    cmd: uv run python scripts/enrich_join.py
    deps:
    - path: data/catalogs/enrich_cache/.abstracts.stamp
      hash: md5
      md5: a341efe0687beb884b6af9da00a45dfc
      size: 25
    - path: data/catalogs/enrich_cache/.dois.stamp
      hash: md5
      md5: ea5c72ae18c7990181c95b3c14baeb8d
      size: 25
    - path: data/catalogs/enrich_cache/.language.stamp
      hash: md5
      md5: 0ff00da3fdf7702b543dfffdfa757ced
      size: 25
    - path: data/catalogs/enrich_cache/.summaries.stamp
      hash: md5
      md5: c0f8f591dc9e8b9faa6c39d67aa47d4c
      size: 26
    - path: data/catalogs/unified_works.csv
      hash: md5
      md5: 4b3c9c4bf0a54be5988017921350980f
      size: 81002789
    - path: scripts/enrich_join.py
      hash: md5
      md5: 3cf20ef03c8ff0f2a29acb07d0df8d78
      size: 7914
    - path: scripts/pipeline_io.py
      hash: md5
      md5: bdad5b875f2eb4ee72294a84687aa224
      size: 17447
    - path: scripts/pipeline_text.py
      hash: md5
      md5: aa37b4857bc11535a71e3e664bc56dc0
      size: 10480
    - path: scripts/utils.py
      hash: md5
      md5: c505a0618fa3cefdd91d65ea311a6a09
      size: 5265
    outs:
    - path: data/catalogs/enriched_works.csv
      hash: md5
      md5: 49a615acb6f633e349e2c9fc7a844b5c
      size: 81172742
  ref_match:
    cmd: uv run --env-file .env python scripts/harvest/corpus_ref_match.py && uv
      run --env-file .env python scripts/corpus_merge_citations.py
    deps:
    - path: data/catalogs/openalex_citations.csv
      hash: md5
      md5: deaf45c830fbb4bfe65292663b378b8b
      size: 51497696
    - path: data/catalogs/refined_works.csv
      hash: md5
      md5: 44d42abd4a03aba615517a8328d81f96
      size: 60918581
    - path: scripts/corpus_merge_citations.py
      hash: md5
      md5: 66392d9fa594e9cfe82983ccfead922f
      size: 10549
    - path: scripts/harvest/corpus_ref_match.py
      hash: md5
      md5: ca1b9c5533f392280cc11c4e4eb9d20d
      size: 9505
    - path: scripts/pipeline_io.py
      hash: md5
      md5: 1fc4027a375337e94172349200eed9fa
      size: 14432
    - path: scripts/pipeline_text.py
      hash: md5
      md5: 552d8ace09782706854d9db5f86b62fc
      size: 9941
    - path: scripts/utils.py
      hash: md5
      md5: 244f7b96ab8207c15a695f83da16a3a0
      size: 6006
    outs:
    - path: data/catalogs/citations.csv
      hash: md5
      md5: b05252b7732f2e5f30b752ba2cd31171
      size: 404717733
