schema: '2.0'
stages:
  discover:
    cmd: uv run python scripts/catalog_istex.py --api && uv run python 
      scripts/catalog_openalex.py --resume && uv run python 
      scripts/catalog_semanticscholar.py --resume && uv run python 
      scripts/catalog_grey.py && uv run python scripts/build_teaching_canon.py 
      && uv run python scripts/catalog_merge.py
    deps:
    - path: config/grey_sources.yaml
      hash: md5
      md5: 393a35715ea920e54fd25500987a9642
      size: 3086
    - path: config/openalex_queries.yaml
      hash: md5
      md5: cdefd461c2a2997fe78778152d0bb881
      size: 4304
    - path: config/teaching_sources.yaml
      hash: md5
      md5: a7ae55e3cf67e25eb2c86784fb31745a
      size: 23943
    - path: data/catalogs/bibcnrs_works.csv
      hash: md5
      md5: aad79a049076761e7943646c5e732feb
      size: 53677
    - path: data/catalogs/scispace_works.csv
      hash: md5
      md5: 21be3cfd3e0947eb03385134f1826e14
      size: 1060524
    - path: scripts/build_teaching_canon.py
      hash: md5
      md5: bc70a02b282dcee5acf0e9b02cad0f97
      size: 3516
    - path: scripts/catalog_grey.py
      hash: md5
      md5: f424528ace5727d862260966ae76ca44
      size: 5940
    - path: scripts/catalog_istex.py
      hash: md5
      md5: fa970dc29fca83ba5228ea098d3dcc84
      size: 7722
    - path: scripts/catalog_merge.py
      hash: md5
      md5: be98e426bd1210a5a0993830c415766e
      size: 5172
    - path: scripts/catalog_openalex.py
      hash: md5
      md5: 0db4c05f9a9d88a58dccdbc017307fb2
      size: 12521
    - path: scripts/catalog_semanticscholar.py
      hash: md5
      md5: c6e51b548744839b8f9673baa77a605b
      size: 10024
    - path: scripts/utils.py
      hash: md5
      md5: 44f58019945703d49871b73cd96b0c6d
      size: 20438
    outs:
    - path: data/catalogs/grey_works.csv
      hash: md5
      md5: 65225fd373f92d9b9366fefc89c4a998
      size: 425736
    - path: data/catalogs/istex_refs.csv
      hash: md5
      md5: 192b0a20602d05038c97707501911453
      size: 16203896
    - path: data/catalogs/istex_works.csv
      hash: md5
      md5: 5ef315ccb2f5e433683421c95f0ba3df
      size: 1659302
    - path: data/catalogs/openalex_citations.csv
      hash: md5
      md5: 0628392a2758e19bcf4d453ceae177b2
      size: 43665648
    - path: data/catalogs/openalex_works.csv
      hash: md5
      md5: 29e9c92eeb0bde415eef8500e871ac36
      size: 64321586
    - path: data/catalogs/teaching_works.csv
      hash: md5
      md5: 693f649c75438935123dd2b80e9114e2
      size: 4699
    - path: data/catalogs/unified_works.csv
      hash: md5
      md5: 7cd913d64c6ba787d35db5bb61a3c237
      size: 69123988
  enrich:
    cmd: "uv run python scripts/qa_detect_type.py --apply && uv run python scripts/enrich_dois.py\n\
      \  --works-input data/catalogs/unified_works.csv\n  --works-output data/catalogs/enriched_works.csv
      &&\nuv run python scripts/enrich_abstracts.py\n  --works-input data/catalogs/enriched_works.csv
      &&\nuv run python scripts/enrich_citations_batch.py\n  --works-input data/catalogs/enriched_works.csv
      &&\nuv run python scripts/enrich_citations_openalex.py\n  --works-input data/catalogs/enriched_works.csv
      &&\nuv run python scripts/qc_citations.py\n  --works-input data/catalogs/enriched_works.csv
      &&\nuv run python scripts/analyze_embeddings.py\n  --works-input data/catalogs/enriched_works.csv"
    deps:
    - path: data/catalogs/unified_works.csv
      hash: md5
      md5: 7cd913d64c6ba787d35db5bb61a3c237
      size: 69123988
    - path: scripts/analyze_embeddings.py
      hash: md5
      md5: a6a7be768967dc1cf3fb1c1fad918e2b
      size: 14761
    - path: scripts/enrich_abstracts.py
      hash: md5
      md5: 5bd42aea79ad24539df16c8c13b537cf
      size: 19031
    - path: scripts/enrich_citations_batch.py
      hash: md5
      md5: 362410159d6740a478d75e3d1a65bc72
      size: 12867
    - path: scripts/enrich_citations_openalex.py
      hash: md5
      md5: bd424f2b1d62bf02988abab2f9011280
      size: 18937
    - path: scripts/enrich_dois.py
      hash: md5
      md5: eba13dc70aeb428a8391f06014f9b58f
      size: 6942
    - path: scripts/qa_detect_type.py
      hash: md5
      md5: 18730bb9cc84d2b91c1e20ee2f796be9
      size: 8135
    - path: scripts/qc_citations.py
      hash: md5
      md5: d02b079bb6f9129f4d91b1a39310327e
      size: 10187
    - path: scripts/utils.py
      hash: md5
      md5: 44f58019945703d49871b73cd96b0c6d
      size: 20438
    outs:
    - path: data/catalogs/citations.csv
      hash: md5
      md5: b575a855a9e3d5c2829f893170861448
      size: 300524838
    - path: data/catalogs/embeddings.npz
      hash: md5
      md5: b5e6a31c36c1cafd74711ac04b5f7bb5
      size: 48790249
    - path: data/catalogs/enriched_works.csv
      hash: md5
      md5: 3a40f5cb52b62caacbc6d34859b24d98
      size: 68988609
  extend:
    cmd: uv run --env-file .env python scripts/harvest/corpus_filter.py --extend
      --works-input data/catalogs/enriched_works.csv --works-output 
      data/catalogs/extended_works.csv
    deps:
    - path: config/corpus_filter.yaml
      hash: md5
      md5: 0fef04d5a07f1b5aefe463d4a605ce0a
      size: 4000
    - path: data/catalogs/enriched_works.csv
      hash: md5
      md5: c31a5e3545eb24eb05e11898fbd24018
      size: 82435343
    - path: scripts/filter_flags.py
      hash: md5
      md5: 7da9109621e262aca2bab96c441e3c0f
      size: 10502
    - path: scripts/filter_flags_llm.py
      hash: md5
      md5: 0a6a29c46be84752c162fbc1d11df675
      size: 18627
    - path: scripts/harvest/corpus_filter.py
      hash: md5
      md5: 73d542190221fb09bc75d81444ac32b9
      size: 27291
    - path: scripts/pipeline_io.py
      hash: md5
      md5: 1fc4027a375337e94172349200eed9fa
      size: 14432
    - path: scripts/pipeline_loaders.py
      hash: md5
      md5: a892abcf0b0205d7ca79575a54fced31
      size: 15674
    - path: scripts/pipeline_progress.py
      hash: md5
      md5: 0279195c59e9de819e8b519490b26091
      size: 10311
    - path: scripts/pipeline_text.py
      hash: md5
      md5: a3b002a94340e9b0cf56bf3773a40ded
      size: 9971
    - path: scripts/utils.py
      hash: md5
      md5: 244f7b96ab8207c15a695f83da16a3a0
      size: 6006
    outs:
    - path: data/catalogs/extended_works.csv
      hash: md5
      md5: a4595cd619138d31231d260ec42dce8b
      size: 85412413
  filter:
    cmd: uv run --env-file .env python scripts/harvest/corpus_filter.py --filter
      --works-input data/catalogs/extended_works.csv --works-output 
      data/catalogs/refined_works.csv
    deps:
    - path: config/corpus_filter.yaml
      hash: md5
      md5: 0fef04d5a07f1b5aefe463d4a605ce0a
      size: 4000
    - path: config/v1_identifiers.txt.gz
      hash: md5
      md5: dbe033ea6935eec5d4f379fb3484a2eb
      size: 186713
    - path: data/catalogs/extended_works.csv
      hash: md5
      md5: a4595cd619138d31231d260ec42dce8b
      size: 85412413
    - path: scripts/filter_flags.py
      hash: md5
      md5: 7da9109621e262aca2bab96c441e3c0f
      size: 10502
    - path: scripts/filter_flags_llm.py
      hash: md5
      md5: 0a6a29c46be84752c162fbc1d11df675
      size: 18627
    - path: scripts/harvest/corpus_filter.py
      hash: md5
      md5: 73d542190221fb09bc75d81444ac32b9
      size: 27291
    - path: scripts/pipeline_io.py
      hash: md5
      md5: 1fc4027a375337e94172349200eed9fa
      size: 14432
    - path: scripts/pipeline_loaders.py
      hash: md5
      md5: a892abcf0b0205d7ca79575a54fced31
      size: 15674
    - path: scripts/pipeline_progress.py
      hash: md5
      md5: 0279195c59e9de819e8b519490b26091
      size: 10311
    - path: scripts/pipeline_text.py
      hash: md5
      md5: a3b002a94340e9b0cf56bf3773a40ded
      size: 9971
    - path: scripts/utils.py
      hash: md5
      md5: 244f7b96ab8207c15a695f83da16a3a0
      size: 6006
    outs:
    - path: data/catalogs/corpus_audit.csv
      hash: md5
      md5: 240da5246850eac00ad23eaa7daebba0
      size: 6325697
    - path: data/catalogs/refined_works.csv
      hash: md5
      md5: 1dbfa07c6c610cfccfea3b798f86fbd7
      size: 66395965
  align:
    cmd: uv run --env-file .env python scripts/harvest/corpus_align.py
    deps:
    - path: data/catalogs/citations.csv
      hash: md5
      md5: e873c5d3ab118c9099e151233078a555
      size: 404798417
    - path: data/catalogs/embeddings.npz
      hash: md5
      md5: 6f1cb2131b23f13e1b750a224ad94544
      size: 93753009
    - path: data/catalogs/refined_works.csv
      hash: md5
      md5: 1dbfa07c6c610cfccfea3b798f86fbd7
      size: 66395965
    - path: scripts/harvest/corpus_align.py
      hash: md5
      md5: 05f2e24e9f8f7d6099a6a7451bb64f11
      size: 9613
    - path: scripts/pipeline_io.py
      hash: md5
      md5: 1fc4027a375337e94172349200eed9fa
      size: 14432
    - path: scripts/pipeline_loaders.py
      hash: md5
      md5: a892abcf0b0205d7ca79575a54fced31
      size: 15674
    - path: scripts/pipeline_progress.py
      hash: md5
      md5: 0279195c59e9de819e8b519490b26091
      size: 10311
    - path: scripts/pipeline_text.py
      hash: md5
      md5: a3b002a94340e9b0cf56bf3773a40ded
      size: 9971
    - path: scripts/utils.py
      hash: md5
      md5: 244f7b96ab8207c15a695f83da16a3a0
      size: 6006
    outs:
    - path: data/catalogs/refined_citations.csv
      hash: md5
      md5: 3a3789511757a4aaa260178c230938fc
      size: 344164362
    - path: data/catalogs/refined_embeddings.npz
      hash: md5
      md5: 3935215f5cd936dbb05b35b8df69de62
      size: 71553531
  catalog_bibcnrs:
    cmd: uv run --env-file .env python scripts/harvest/catalog_bibcnrs.py
    deps:
    - path: data/exports
      hash: md5
      md5: e4ee27a6fea54a81bf590ee04a1c12ae.dir
      size: 154608
      nfiles: 5
    - path: scripts/harvest/catalog_bibcnrs.py
      hash: md5
      md5: 36c6c236b59dbddfb097f6dd8293c09d
      size: 6269
    - path: scripts/pipeline_io.py
      hash: md5
      md5: 1fc4027a375337e94172349200eed9fa
      size: 14432
    - path: scripts/pipeline_loaders.py
      hash: md5
      md5: a892abcf0b0205d7ca79575a54fced31
      size: 15674
    - path: scripts/pipeline_progress.py
      hash: md5
      md5: 0279195c59e9de819e8b519490b26091
      size: 10311
    - path: scripts/pipeline_text.py
      hash: md5
      md5: a3b002a94340e9b0cf56bf3773a40ded
      size: 9971
    - path: scripts/utils.py
      hash: md5
      md5: 244f7b96ab8207c15a695f83da16a3a0
      size: 6006
    outs:
    - path: data/catalogs/bibcnrs_works.csv
      hash: md5
      md5: 6554776833bfd8ca589a0e71ec6cffd5
      size: 53677
  catalog_teaching:
    cmd: uv run --env-file .env python scripts/harvest/build_teaching_yaml.py &&
      uv run --env-file .env python scripts/harvest/build_teaching_canon.py
    deps:
    - path: data/syllabi
      hash: md5
      md5: 6343e4480efd65a379680febee2de81d.dir
      size: 280175599
      nfiles: 154
    - path: scripts/harvest/build_teaching_canon.py
      hash: md5
      md5: 7ec5df7805b276c5628101653c376d42
      size: 3663
    - path: scripts/harvest/build_teaching_yaml.py
      hash: md5
      md5: c4f0c03a5b5c31912301696d72884a19
      size: 14194
    - path: scripts/pipeline_io.py
      hash: md5
      md5: 1fc4027a375337e94172349200eed9fa
      size: 14432
    - path: scripts/pipeline_loaders.py
      hash: md5
      md5: a892abcf0b0205d7ca79575a54fced31
      size: 15674
    - path: scripts/pipeline_progress.py
      hash: md5
      md5: 0279195c59e9de819e8b519490b26091
      size: 10311
    - path: scripts/pipeline_text.py
      hash: md5
      md5: a3b002a94340e9b0cf56bf3773a40ded
      size: 9971
    - path: scripts/utils.py
      hash: md5
      md5: 244f7b96ab8207c15a695f83da16a3a0
      size: 6006
    outs:
    - path: data/catalogs/teaching_works.csv
      hash: md5
      md5: e3adf504c47e9fe10fd601c6328efe64
      size: 68391
  catalog_istex:
    cmd: uv run --env-file .env python scripts/harvest/catalog_istex.py --api
    deps:
    - path: config/corpus_collect.yaml
      hash: md5
      md5: f9a1ff8c31bff827dcbf3a4b7471c2db
      size: 848
    - path: data/pool/istex
      hash: md5
      md5: 2278e74dabc27ebb50a4d80650cba95a.dir
      size: 3466061
      nfiles: 1
    - path: scripts/harvest/catalog_istex.py
      hash: md5
      md5: b85c2fab44cd62ea7976a4b6a6ce54ec
      size: 9024
    - path: scripts/pipeline_io.py
      hash: md5
      md5: 1fc4027a375337e94172349200eed9fa
      size: 14432
    - path: scripts/pipeline_loaders.py
      hash: md5
      md5: a892abcf0b0205d7ca79575a54fced31
      size: 15674
    - path: scripts/pipeline_progress.py
      hash: md5
      md5: 0279195c59e9de819e8b519490b26091
      size: 10311
    - path: scripts/pipeline_text.py
      hash: md5
      md5: a3b002a94340e9b0cf56bf3773a40ded
      size: 9971
    - path: scripts/utils.py
      hash: md5
      md5: 244f7b96ab8207c15a695f83da16a3a0
      size: 6006
    outs:
    - path: data/catalogs/istex_refs.csv
      hash: md5
      md5: 192b0a20602d05038c97707501911453
      size: 16203896
    - path: data/catalogs/istex_works.csv
      hash: md5
      md5: 5ef315ccb2f5e433683421c95f0ba3df
      size: 1659302
  catalog_openalex:
    cmd: uv run --env-file .env python scripts/harvest/catalog_openalex.py 
      --resume
    deps:
    - path: config/corpus_collect.yaml
      hash: md5
      md5: f9a1ff8c31bff827dcbf3a4b7471c2db
      size: 848
    - path: config/openalex_queries.yaml
      hash: md5
      md5: e10d7ead0b59c6992c63030f99f05d59
      size: 4692
    - path: data/pool/openalex
      hash: md5
      md5: e1b56b9d36fe36dad3e7623388448983.dir
      size: 83014170
      nfiles: 49
    - path: scripts/harvest/catalog_openalex.py
      hash: md5
      md5: 6a31871770ba034a7e35748d5255318d
      size: 12326
    - path: scripts/pipeline_io.py
      hash: md5
      md5: 1fc4027a375337e94172349200eed9fa
      size: 14432
    - path: scripts/pipeline_loaders.py
      hash: md5
      md5: a892abcf0b0205d7ca79575a54fced31
      size: 15674
    - path: scripts/pipeline_progress.py
      hash: md5
      md5: 0279195c59e9de819e8b519490b26091
      size: 10311
    - path: scripts/pipeline_text.py
      hash: md5
      md5: a3b002a94340e9b0cf56bf3773a40ded
      size: 9971
    - path: scripts/utils.py
      hash: md5
      md5: 244f7b96ab8207c15a695f83da16a3a0
      size: 6006
    outs:
    - path: data/catalogs/openalex_citations.csv
      hash: md5
      md5: deaf45c830fbb4bfe65292663b378b8b
      size: 51497696
    - path: data/catalogs/openalex_works.csv
      hash: md5
      md5: 0fa29aa8aae593ab0d797a363afef0fb
      size: 78397849
  catalog_grey:
    cmd: uv run --env-file .env python scripts/harvest/catalog_grey.py
    deps:
    - path: config/corpus_collect.yaml
      hash: md5
      md5: f9a1ff8c31bff827dcbf3a4b7471c2db
      size: 848
    - path: config/grey_sources.yaml
      hash: md5
      md5: 36c40a215bdc1d57b4695e195cb5303e
      size: 3404
    - path: scripts/harvest/catalog_grey.py
      hash: md5
      md5: 238eeed4c4b12aeb77b7cdb678b05be8
      size: 9626
    - path: scripts/pipeline_io.py
      hash: md5
      md5: 1fc4027a375337e94172349200eed9fa
      size: 14432
    - path: scripts/pipeline_loaders.py
      hash: md5
      md5: a892abcf0b0205d7ca79575a54fced31
      size: 15674
    - path: scripts/pipeline_progress.py
      hash: md5
      md5: 0279195c59e9de819e8b519490b26091
      size: 10311
    - path: scripts/pipeline_text.py
      hash: md5
      md5: a3b002a94340e9b0cf56bf3773a40ded
      size: 9971
    - path: scripts/utils.py
      hash: md5
      md5: 244f7b96ab8207c15a695f83da16a3a0
      size: 6006
    outs:
    - path: data/catalogs/grey_works.csv
      hash: md5
      md5: c35ead7610aff7204738dd733ccccb13
      size: 817689
  catalog_merge:
    cmd: uv run --env-file .env python scripts/harvest/catalog_merge.py
    deps:
    - path: data/catalogs/bibcnrs_works.csv
      hash: md5
      md5: 6554776833bfd8ca589a0e71ec6cffd5
      size: 53677
    - path: data/catalogs/grey_works.csv
      hash: md5
      md5: c35ead7610aff7204738dd733ccccb13
      size: 817689
    - path: data/catalogs/istex_works.csv
      hash: md5
      md5: 5ef315ccb2f5e433683421c95f0ba3df
      size: 1659302
    - path: data/catalogs/oecd_works.csv
      hash: md5
      md5: 0a2777000113cb8f041ae522d6572bb2
      size: 97747
    - path: data/catalogs/openalex_works.csv
      hash: md5
      md5: 0fa29aa8aae593ab0d797a363afef0fb
      size: 78397849
    - path: data/catalogs/scispace_works.csv
      hash: md5
      md5: 21be3cfd3e0947eb03385134f1826e14
      size: 1060524
    - path: data/catalogs/teaching_works.csv
      hash: md5
      md5: e3adf504c47e9fe10fd601c6328efe64
      size: 68391
    - path: data/catalogs/unfccc_works.csv
      hash: md5
      md5: 2f5b9deb7ed6dad8aaaadb47c6db89cc
      size: 569997
    - path: scripts/harvest/catalog_merge.py
      hash: md5
      md5: 5f4393bc3741b1a29a9ad1e9a07334df
      size: 12442
    - path: scripts/pipeline_io.py
      hash: md5
      md5: 1fc4027a375337e94172349200eed9fa
      size: 14432
    - path: scripts/pipeline_loaders.py
      hash: md5
      md5: a892abcf0b0205d7ca79575a54fced31
      size: 15674
    - path: scripts/pipeline_progress.py
      hash: md5
      md5: 0279195c59e9de819e8b519490b26091
      size: 10311
    - path: scripts/pipeline_text.py
      hash: md5
      md5: a3b002a94340e9b0cf56bf3773a40ded
      size: 9971
    - path: scripts/utils.py
      hash: md5
      md5: 244f7b96ab8207c15a695f83da16a3a0
      size: 6006
    outs:
    - path: data/catalogs/unified_works.csv
      hash: md5
      md5: dd4109e01f905c39b0ba678993f3e899
      size: 81930431
  enrich_works:
    cmd: uv run python scripts/enrich_dois.py --works-input 
      data/catalogs/unified_works.csv --works-output 
      data/catalogs/enriched_works.csv && uv run python 
      scripts/enrich_abstracts.py --works-input data/catalogs/enriched_works.csv
      && uv run python scripts/enrich_language.py --works-input 
      data/catalogs/enriched_works.csv && uv run python 
      scripts/summarize_abstracts.py --works-input 
      data/catalogs/enriched_works.csv
    deps:
    - path: data/catalogs/unified_works.csv
      hash: md5
      md5: 7ceeed51d214a0962f64750c0c33265c
      size: 81200889
    - path: scripts/enrich_abstracts.py
      hash: md5
      md5: 6030389090ae3c01b20c8783da952b77
      size: 20916
    - path: scripts/enrich_dois.py
      hash: md5
      md5: 9817a911bd77b7c6771cd3f6c0a00cbe
      size: 10475
    - path: scripts/enrich_language.py
      hash: md5
      md5: 5d63983b72e701f5a32a0b74ce902822
      size: 13249
    - path: scripts/pipeline_io.py
      hash: md5
      md5: 84b01ca9f4c570ae0aca643426076e86
      size: 15806
    - path: scripts/pipeline_loaders.py
      hash: md5
      md5: c509efa7425e8ff4b2a71e2360f98b91
      size: 13386
    - path: scripts/pipeline_progress.py
      hash: md5
      md5: 61935c8f5f520a000db7cf18156f3087
      size: 9912
    - path: scripts/pipeline_text.py
      hash: md5
      md5: ff0e26cf61bd259855756b9d5fa3a3d9
      size: 8254
    - path: scripts/summarize_abstracts.py
      hash: md5
      md5: 7906d76981f5b114161151d796c74546
      size: 9450
    - path: scripts/utils.py
      hash: md5
      md5: b592c156a27cdf6883a4ef76b4bfe9f8
      size: 5326
    outs:
    - path: data/catalogs/enriched_works.csv
      hash: md5
      md5: cd5e32d04e5334e82953041293bbc930
      size: 81172660
  enrich_citations:
    cmd: uv run --env-file .env python scripts/harvest/enrich_citations_batch.py
      --works-input data/catalogs/enriched_works.csv & p1=$!; uv run --env-file 
      .env python scripts/harvest/enrich_citations_openalex.py --works-input 
      data/catalogs/enriched_works.csv & p2=$!; wait $p1 && wait $p2 && uv run 
      --env-file .env python scripts/harvest/corpus_parse_citations_grobid.py
    deps:
    - path: data/catalogs/enriched_works.csv
      hash: md5
      md5: c31a5e3545eb24eb05e11898fbd24018
      size: 82435343
    - path: scripts/harvest/corpus_parse_citations_grobid.py
      hash: md5
      md5: f05079a664f1770f8ae002ae4334ddf6
      size: 10262
    - path: scripts/harvest/enrich_citations_batch.py
      hash: md5
      md5: be91e8bfd5e60a0f22e36a0231e32412
      size: 10387
    - path: scripts/harvest/enrich_citations_openalex.py
      hash: md5
      md5: 5aba8315a9b470b2b3665ea4d6b5b58d
      size: 16982
    - path: scripts/pipeline_io.py
      hash: md5
      md5: 1fc4027a375337e94172349200eed9fa
      size: 14432
    - path: scripts/pipeline_loaders.py
      hash: md5
      md5: a892abcf0b0205d7ca79575a54fced31
      size: 15674
    - path: scripts/pipeline_progress.py
      hash: md5
      md5: 0279195c59e9de819e8b519490b26091
      size: 10311
    - path: scripts/pipeline_text.py
      hash: md5
      md5: a3b002a94340e9b0cf56bf3773a40ded
      size: 9971
    - path: scripts/utils.py
      hash: md5
      md5: 244f7b96ab8207c15a695f83da16a3a0
      size: 6006
  qc_citations:
    cmd: uv run python scripts/qc_citations.py --works-input 
      data/catalogs/enriched_works.csv
    deps:
    - path: data/catalogs/citations.csv
      hash: md5
      md5: 76fc749c6d68943ed0ff472c10b94c13
      size: 297736901
    - path: data/catalogs/enriched_works.csv
      hash: md5
      md5: 3d5dce71cedc43122f3da47e4783330b
      size: 80494601
    - path: scripts/qc_citations.py
      hash: md5
      md5: 4e9e00fc222aa0f3bc3e6e58891c5a5f
      size: 10036
    - path: scripts/utils.py
      hash: md5
      md5: 2b21de642c558116e90c1fdc19bb205a
      size: 25696
  enrich_embeddings:
    cmd: uv run --env-file .env python scripts/harvest/enrich_embeddings.py 
      --works-input data/catalogs/enriched_works.csv --output 
      data/catalogs/embeddings.npz
    deps:
    - path: data/catalogs/enriched_works.csv
      hash: md5
      md5: c31a5e3545eb24eb05e11898fbd24018
      size: 82435343
    - path: scripts/harvest/enrich_embeddings.py
      hash: md5
      md5: d8ff418ac1136dbbb7b6809125f2344e
      size: 8078
    - path: scripts/pipeline_io.py
      hash: md5
      md5: 1fc4027a375337e94172349200eed9fa
      size: 14432
    - path: scripts/pipeline_loaders.py
      hash: md5
      md5: a892abcf0b0205d7ca79575a54fced31
      size: 15674
    - path: scripts/pipeline_progress.py
      hash: md5
      md5: 0279195c59e9de819e8b519490b26091
      size: 10311
    - path: scripts/pipeline_text.py
      hash: md5
      md5: a3b002a94340e9b0cf56bf3773a40ded
      size: 9971
    - path: scripts/utils.py
      hash: md5
      md5: 244f7b96ab8207c15a695f83da16a3a0
      size: 6006
    outs:
    - path: data/catalogs/embeddings.npz
      hash: md5
      md5: 6f1cb2131b23f13e1b750a224ad94544
      size: 93753009
  qa_citations:
    cmd: uv run --env-file .env python scripts/qa/qa_citations.py --output 
      deliverables/_shared/tables/qa_citations_report.json --works-input 
      data/catalogs/enriched_works.csv
    deps:
    - path: data/catalogs/citations.csv
      hash: md5
      md5: e873c5d3ab118c9099e151233078a555
      size: 404798417
    - path: data/catalogs/enriched_works.csv
      hash: md5
      md5: c31a5e3545eb24eb05e11898fbd24018
      size: 82435343
    - path: scripts/pipeline_io.py
      hash: md5
      md5: 1fc4027a375337e94172349200eed9fa
      size: 14432
    - path: scripts/pipeline_loaders.py
      hash: md5
      md5: a892abcf0b0205d7ca79575a54fced31
      size: 15674
    - path: scripts/pipeline_progress.py
      hash: md5
      md5: 0279195c59e9de819e8b519490b26091
      size: 10311
    - path: scripts/pipeline_text.py
      hash: md5
      md5: a3b002a94340e9b0cf56bf3773a40ded
      size: 9971
    - path: scripts/qa/_crossref_qa.py
      hash: md5
      md5: 979eb966ac66290f9d73225791e0318c
      size: 2256
    - path: scripts/qa/qa_citations.py
      hash: md5
      md5: 2c732f7e82a8be779715319cea399bf5
      size: 10132
    - path: scripts/utils.py
      hash: md5
      md5: 244f7b96ab8207c15a695f83da16a3a0
      size: 6006
  enrich_language:
    cmd: uv run --env-file .env python scripts/harvest/enrich_language.py 
      --works-input data/catalogs/unified_works.csv --output 
      data/catalogs/enrich_cache/.language.stamp
    deps:
    - path: data/catalogs/unified_works.csv
      hash: md5
      md5: dd4109e01f905c39b0ba678993f3e899
      size: 81930431
    - path: scripts/harvest/enrich_language.py
      hash: md5
      md5: d7a6c704908cd1e547b16e41eb6df89d
      size: 16500
    - path: scripts/pipeline_io.py
      hash: md5
      md5: 1fc4027a375337e94172349200eed9fa
      size: 14432
    - path: scripts/pipeline_text.py
      hash: md5
      md5: a3b002a94340e9b0cf56bf3773a40ded
      size: 9971
    - path: scripts/utils.py
      hash: md5
      md5: 244f7b96ab8207c15a695f83da16a3a0
      size: 6006
    outs:
    - path: data/catalogs/enrich_cache/.language.stamp
      hash: md5
      md5: afc0d02e61326af64953f4bf133a8fab
      size: 25
  enrich_dois:
    cmd: uv run --env-file .env python scripts/enrich_dois.py --works-input 
      data/catalogs/unified_works.csv --output 
      data/catalogs/enrich_cache/.dois.stamp
    deps:
    - path: data/catalogs/unified_works.csv
      hash: md5
      md5: dd4109e01f905c39b0ba678993f3e899
      size: 81930431
    - path: scripts/enrich_dois.py
      hash: md5
      md5: 128c08748c2f94a71320702a70ef6510
      size: 13263
    - path: scripts/pipeline_io.py
      hash: md5
      md5: 1fc4027a375337e94172349200eed9fa
      size: 14432
    - path: scripts/pipeline_text.py
      hash: md5
      md5: a3b002a94340e9b0cf56bf3773a40ded
      size: 9971
    - path: scripts/utils.py
      hash: md5
      md5: 244f7b96ab8207c15a695f83da16a3a0
      size: 6006
    outs:
    - path: data/catalogs/enrich_cache/.dois.stamp
      hash: md5
      md5: 9ac877cecee17c7e89fac7e3bb4dbba9
      size: 25
  enrich_abstracts:
    cmd: uv run --env-file .env python scripts/harvest/enrich_abstracts.py 
      --works-input data/catalogs/unified_works.csv --output 
      data/catalogs/enrich_cache/.abstracts.stamp
    deps:
    - path: data/catalogs/unified_works.csv
      hash: md5
      md5: dd4109e01f905c39b0ba678993f3e899
      size: 81930431
    - path: scripts/harvest/enrich_abstracts.py
      hash: md5
      md5: d0ca06e31ec654129efdb65184bc0d5a
      size: 22549
    - path: scripts/pipeline_io.py
      hash: md5
      md5: 1fc4027a375337e94172349200eed9fa
      size: 14432
    - path: scripts/pipeline_progress.py
      hash: md5
      md5: 0279195c59e9de819e8b519490b26091
      size: 10311
    - path: scripts/pipeline_text.py
      hash: md5
      md5: a3b002a94340e9b0cf56bf3773a40ded
      size: 9971
    - path: scripts/utils.py
      hash: md5
      md5: 244f7b96ab8207c15a695f83da16a3a0
      size: 6006
    outs:
    - path: data/catalogs/enrich_cache/.abstracts.stamp
      hash: md5
      md5: bebaf1ea87dde2350a0d9928fa6f2558
      size: 25
  summarize_abstracts:
    cmd: uv run --env-file .env python scripts/analysis/summarize_abstracts.py 
      --works-input data/catalogs/unified_works.csv && date -Iseconds > 
      data/catalogs/enrich_cache/.summaries.stamp
    deps:
    - path: data/catalogs/unified_works.csv
      hash: md5
      md5: dd4109e01f905c39b0ba678993f3e899
      size: 81930431
    - path: scripts/analysis/summarize_abstracts.py
      hash: md5
      md5: 9220e97f042037f9ad144dd7183b5791
      size: 9450
    - path: scripts/pipeline_io.py
      hash: md5
      md5: 1fc4027a375337e94172349200eed9fa
      size: 14432
    - path: scripts/pipeline_text.py
      hash: md5
      md5: a3b002a94340e9b0cf56bf3773a40ded
      size: 9971
    - path: scripts/utils.py
      hash: md5
      md5: 244f7b96ab8207c15a695f83da16a3a0
      size: 6006
    outs:
    - path: data/catalogs/enrich_cache/.summaries.stamp
      hash: md5
      md5: b91f514c9037c112bfc05ceb57523546
      size: 26
  join_enrichments:
    cmd: uv run --env-file .env python scripts/harvest/enrich_join.py
    deps:
    - path: data/catalogs/enrich_cache/.abstracts.stamp
      hash: md5
      md5: bebaf1ea87dde2350a0d9928fa6f2558
      size: 25
    - path: data/catalogs/enrich_cache/.dois.stamp
      hash: md5
      md5: 9ac877cecee17c7e89fac7e3bb4dbba9
      size: 25
    - path: data/catalogs/enrich_cache/.language.stamp
      hash: md5
      md5: afc0d02e61326af64953f4bf133a8fab
      size: 25
    - path: data/catalogs/enrich_cache/.summaries.stamp
      hash: md5
      md5: b91f514c9037c112bfc05ceb57523546
      size: 26
    - path: data/catalogs/unified_works.csv
      hash: md5
      md5: dd4109e01f905c39b0ba678993f3e899
      size: 81930431
    - path: scripts/harvest/enrich_join.py
      hash: md5
      md5: 65c2e6ef588c912613cc975e520d6dda
      size: 10285
    - path: scripts/pipeline_io.py
      hash: md5
      md5: 1fc4027a375337e94172349200eed9fa
      size: 14432
    - path: scripts/pipeline_text.py
      hash: md5
      md5: a3b002a94340e9b0cf56bf3773a40ded
      size: 9971
    - path: scripts/utils.py
      hash: md5
      md5: 244f7b96ab8207c15a695f83da16a3a0
      size: 6006
    outs:
    - path: data/catalogs/enriched_works.csv
      hash: md5
      md5: c31a5e3545eb24eb05e11898fbd24018
      size: 82435343
  ref_match:
    cmd: uv run --env-file .env python scripts/harvest/corpus_ref_match.py && uv
      run --env-file .env python scripts/corpus_merge_citations.py
    deps:
    - path: data/catalogs/openalex_citations.csv
      hash: md5
      md5: deaf45c830fbb4bfe65292663b378b8b
      size: 51497696
    - path: data/catalogs/refined_works.csv
      hash: md5
      md5: 1dbfa07c6c610cfccfea3b798f86fbd7
      size: 66395965
    - path: scripts/corpus_merge_citations.py
      hash: md5
      md5: 66392d9fa594e9cfe82983ccfead922f
      size: 10549
    - path: scripts/harvest/corpus_ref_match.py
      hash: md5
      md5: ca1b9c5533f392280cc11c4e4eb9d20d
      size: 9505
    - path: scripts/pipeline_io.py
      hash: md5
      md5: 1fc4027a375337e94172349200eed9fa
      size: 14432
    - path: scripts/pipeline_text.py
      hash: md5
      md5: a3b002a94340e9b0cf56bf3773a40ded
      size: 9971
    - path: scripts/utils.py
      hash: md5
      md5: 244f7b96ab8207c15a695f83da16a3a0
      size: 6006
    outs:
    - path: data/catalogs/citations.csv
      hash: md5
      md5: e873c5d3ab118c9099e151233078a555
      size: 404798417
  catalog_unfccc:
    cmd: uv run --env-file .env python scripts/harvest/catalog_keydocs.py 
      --input config/unfccc_sources.yaml --source-name unfccc --fetch --output 
      data/catalogs/unfccc_works.csv
    deps:
    - path: config/unfccc_sources.yaml
      hash: md5
      md5: 4e872a9ae9723a40c2ffe470b5c5633b
      size: 152873
    - path: scripts/harvest/catalog_keydocs.py
      hash: md5
      md5: d703da61a2104179d851e7bebe3dd8db
      size: 16101
    - path: scripts/pipeline_io.py
      hash: md5
      md5: 1fc4027a375337e94172349200eed9fa
      size: 14432
    - path: scripts/pipeline_loaders.py
      hash: md5
      md5: a892abcf0b0205d7ca79575a54fced31
      size: 15674
    - path: scripts/pipeline_progress.py
      hash: md5
      md5: 0279195c59e9de819e8b519490b26091
      size: 10311
    - path: scripts/pipeline_text.py
      hash: md5
      md5: a3b002a94340e9b0cf56bf3773a40ded
      size: 9971
    - path: scripts/utils.py
      hash: md5
      md5: 244f7b96ab8207c15a695f83da16a3a0
      size: 6006
    outs:
    - path: data/catalogs/unfccc_works.csv
      hash: md5
      md5: 2f5b9deb7ed6dad8aaaadb47c6db89cc
      size: 569997
  catalog_oecd:
    cmd: uv run --env-file .env python scripts/harvest/catalog_keydocs.py 
      --input config/oecd_dac_sources.yaml --source-name oecd --fetch --output 
      data/catalogs/oecd_works.csv
    deps:
    - path: config/oecd_dac_sources.yaml
      hash: md5
      md5: 203c45cd656a3079b59d91ca2b69a8c3
      size: 24453
    - path: scripts/harvest/catalog_keydocs.py
      hash: md5
      md5: d703da61a2104179d851e7bebe3dd8db
      size: 16101
    - path: scripts/pipeline_io.py
      hash: md5
      md5: 1fc4027a375337e94172349200eed9fa
      size: 14432
    - path: scripts/pipeline_loaders.py
      hash: md5
      md5: a892abcf0b0205d7ca79575a54fced31
      size: 15674
    - path: scripts/pipeline_progress.py
      hash: md5
      md5: 0279195c59e9de819e8b519490b26091
      size: 10311
    - path: scripts/pipeline_text.py
      hash: md5
      md5: a3b002a94340e9b0cf56bf3773a40ded
      size: 9971
    - path: scripts/utils.py
      hash: md5
      md5: 244f7b96ab8207c15a695f83da16a3a0
      size: 6006
    outs:
    - path: data/catalogs/oecd_works.csv
      hash: md5
      md5: 0a2777000113cb8f041ae522d6572bb2
      size: 97747
